github.com/andybalholm/brotli v1.1.1 h1:PR2pgnyFznKEugtsUo0xLdDop5SKXd5Qf5ysW+7XdTA=
github.com/andybalholm/brotli v1.1.1/go.mod h1:05ib4cKhjx3OQYUY22hTVd34Bc8upXjOLL2rKwwZBoA=
github.com/chewxy/math32 v1.10.1 h1:LFpeY0SLJXeaiej/eIp2L40VYfscTvKh/FSEZ68uMkU=
github.com/chewxy/math32 v1.10.1/go.mod h1:dOB2rcuFrCn6UHrze36WSLVPKtzPMRAQvBvUwkSsLqs=
github.com/davecgh/go-spew v1.1.1 h1:vj9j/u1bqnvCEfJOwUhtlOARqs3+rkHYY13jYWTU97c=
github.com/davecgh/go-spew v1.1.1/go.mod h1:J7Y8YcW2NihsgmVo/mv3lAwl/skON4iLHjSsI+c5H38=
github.com/edsrzf/mmap-go v1.2.0 h1:hXLYlkbaPzt1SaQk+anYwKSRNhufIDCchSPkUD6dD84=
github.com/edsrzf/mmap-go v1.2.0/go.mod h1:19H/e8pUPLicwkyNgOykDXkJ9F0MHE+Z52B8EIth78Q=
github.com/google/go-cmp v0.5.8 h1:e6P7q2lk1O+qJJb4BtCQXlK8vWEO8V1ZeuEdJNOqZyg=
github.com/google/go-cmp v0.5.8/go.mod h1:17dUlkBOakJ0+DkrSSNjCkIjxS6bF9zb3elmeNGIjoY=
github.com/google/uuid v1.6.0 h1:NIvaJDMOsjHA8n1jAhLSgzrAzy1Hgr+hNrb57e+94F0=
github.com/google/uuid v1.6.0/go.mod h1:TIyPZe4MgqvfeYDBFedMoGGpEw/LqOeaOT+nhxU+yHo=
github.com/hexops/gotextdiff v1.0.3 h1:gitA9+qJrrTCsiCl7+kh75nPqQt1cx4ZkudSTLoUqJM=
github.com/hexops/gotextdiff v1.0.3/go.mod h1:pSWU5MAI3yDq+fZBTazCSJysOMbxWL1BSow5/V2vxeg=
github.com/klauspost/compress v1.17.9 h1:6KIumPrER1LHsvBVuDa0r5xaG0Es51mhhB9BQB2qeMA=
github.com/klauspost/compress v1.17.9/go.mod h1:Di0epgTjJY877eYKx5yC51cX2A2Vl2ibi7bDH9ttBbw=
github.com/parquet-go/bitpack v1.0.0 h1:AUqzlKzPPXf2bCdjfj4sTeacrUwsT7NlcYDMUQxPcQA=
github.com/parquet-go/bitpack v1.0.0/go.mod h1:XnVk9TH+O40eOOmvpAVZ7K2ocQFrQwysLMnc6M/8lgs=
github.com/parquet-go/jsonlite v1.0.0 h1:87QNdi56wOfsE5bdgas0vRzHPxfJgzrXGml1zZdd7VU=
github.com/parquet-go/jsonlite v1.0.0/go.mod h1:nDjpkpL4EOtqs6NQugUsi0Rleq9sW/OtC1NnZEnxzF0=
github.com/parquet-go/parquet-go v0.26.3 h1:kJY+xmjcR7BH77tyHqasJpIl3kch/6EIO3TW4tFj69M=
github.com/parquet-go/parquet-go v0.26.3/go.mod h1:h9GcSt41Knf5qXI1tp1TfR8bDBUtvdUMzSKe26aZcHk=
github.com/pierrec/lz4/v4 v4.1.21 h1:yOVMLb6qSIDP67pl/5F7RepeKYu/VmTyEXvuMI5d9mQ=
github.com/pierrec/lz4/v4 v4.1.21/go.mod h1:gZWDp/Ze/IJXGXf23ltt2EXimqmTUXEy0GFuRQyBid4=
github.com/pmezard/go-difflib v1.0.0 h1:4DBwDE0NGyQoBHbLQYPwSUPoCMWR5BEzIk/f1lZbAQM=
github.com/pmezard/go-difflib v1.0.0/go.mod h1:iKH77koFhYxTK1pcRnkKkqfTogsbg7gZNVY4sRDYZ/4=
github.com/stretchr/testify v1.8.0 h1:pSgiaMZlXftHpm5L7V1+rVB+AZJydKsMxsQBIJw4PKk=
github.com/stretchr/testify v1.8.0/go.mod h1:yNjHg4UonilssWZ8iaSj1OCr/vHnekPRkoO+kdMU+MU=
github.com/viterin/partial v1.1.0 h1:iH1l1xqBlapXsYzADS1dcbizg3iQUKTU1rbwkHv/80E=
github.com/viterin/partial v1.1.0/go.mod h1:oKGAo7/wylWkJTLrWX8n+f4aDPtQMQ6VG4dd2qur5QA=
github.com/viterin/vek v0.4.3 h1:cogdlNjd6EJYtNbmTN0lJCey2htrfSo1AHWpc6DVncQ=
github.com/viterin/vek v0.4.3/go.mod h1:A4JRAe8OvbhdzBL5ofzjBS0J29FyUrf95tQogvtHHUc=
github.com/xyproto/randomstring v1.0.5 h1:YtlWPoRdgMu3NZtP45drfy1GKoojuR7hmRcnhZqKjWU=
github.com/xyproto/randomstring v1.0.5/go.mod h1:rgmS5DeNXLivK7YprL0pY+lTuhNQW3iGxZ18UQApw/E=
golang.org/x/exp v0.0.0-20230817173708-d852ddb80c63 h1:m64FZMko/V45gv0bNmrNYoDEq8U5YUhetc9cBWKS1TQ=
golang.org/x/exp v0.0.0-20230817173708-d852ddb80c63/go.mod h1:0v4NqG35kSWCMzLaMeX+IQrlSnVE/bqGSyC2cz/9Le8=
golang.org/x/sys v0.38.0 h1:3yZWxaJjBmCWXqhN1qh02AkOnCQ1poK6oF+a7xWL6Gc=
golang.org/x/sys v0.38.0/go.mod h1:OgkHotnGiDImocRcuBABYBEXf8A9a87e/uXjp9XT3ks=
google.golang.org/protobuf v1.34.2 h1:6xV6lTsCfpGD21XK49h7MhtcApnLqkfYgPcdHftf6hg=
google.golang.org/protobuf v1.34.2/go.mod h1:qYOHts0dSfpeUzUFpOMr/WGzszTmLH+DiWniOlNbLDw=
gopkg.in/yaml.v3 v3.0.1 h1:fxVm/GzAzEWqLHuvctI91KS9hhNmmWOoWu0XTYJS7CA=
gopkg.in/yaml.v3 v3.0.1/go.mod h1:K4uyk7z7BCEPqu6E+C64Yfv1cQ7kz7rIZviUmN+EgEM=
